
Microsoft Visual Studio Solution File, Format Version 12.00
# Visual Studio Version 16
VisualStudioVersion = 16.0.32106.194
MinimumVisualStudioVersion = 10.0.40219.1
Project("{9A19103F-16F7-4668-BE54-9A1E7A4F7556}") = "Webmotors", "Webmotors\Webmotors.csproj", "{62EE457A-7ACD-493B-B427-93C03E464FB1}"
EndProject
Project("{2150E333-8FDC-42A3-9474-1A3956D46DE8}") = "0 Application", "0 Application", "{FC4D35FA-FF0E-461D-8406-9EF9B30BC8E5}"
EndProject
Project("{2150E333-8FDC-42A3-9474-1A3956D46DE8}") = "3 Infrastructure", "3 Infrastructure", "{3189EADB-1C41-4F0B-B4A3-D792D9AC9081}"
EndProject
Project("{2150E333-8FDC-42A3-9474-1A3956D46DE8}") = "3.1 Data", "3.1 Data", "{9D49F51B-8229-4135-A5BE-14535611E49B}"
EndProject
Project("{2150E333-8FDC-42A3-9474-1A3956D46DE8}") = "3.1.1 Mapping", "3.1.1 Mapping", "{8AF5329A-DBB8-47F2-B641-3A8220D66D03}"
EndProject
Project("{9A19103F-16F7-4668-BE54-9A1E7A4F7556}") = "Webmotors.Data.Mapping", "Webmotors.Data.Mapping\Webmotors.Data.Mapping.csproj", "{ED5BB52C-505F-48BA-8D32-F6E92E6754D2}"
EndProject
Project("{2150E333-8FDC-42A3-9474-1A3956D46DE8}") = "3.1.2 Dal", "3.1.2 Dal", "{D7B81B2D-2325-4AA9-93BB-6FAC4B8E9AE0}"
EndProject
Project("{9A19103F-16F7-4668-BE54-9A1E7A4F7556}") = "Webmotors.Data.Dal", "Webmotors.Data.Dal\Webmotors.Data.Dal.csproj", "{6D3913DE-165B-471E-9CA7-F78EEB23E950}"
EndProject
Project("{2150E333-8FDC-42A3-9474-1A3956D46DE8}") = "1 Domain", "1 Domain", "{835718C2-90F5-4660-ACBD-76366186AEDA}"
EndProject
Project("{9A19103F-16F7-4668-BE54-9A1E7A4F7556}") = "Webmotors.Domain.Models", "Webmotors.Domain.Models\Webmotors.Domain.Models.csproj", "{4D985E08-A428-44F3-85D7-5C1B5584E97F}"
EndProject
Project("{9A19103F-16F7-4668-BE54-9A1E7A4F7556}") = "Webmotors.Data.Dal.Contracts", "Webmotors.Data.Dal.Contracts\Webmotors.Data.Dal.Contracts.csproj", "{F465C905-7FFB-4E88-A0BE-DA049BFDE131}"
EndProject
Project("{2150E333-8FDC-42A3-9474-1A3956D46DE8}") = "2 Business", "2 Business", "{15033592-65C7-4FFE-ABA4-E63D9ADEDFC7}"
EndProject
Project("{9A19103F-16F7-4668-BE54-9A1E7A4F7556}") = "Webmotors.Business", "Webmotors.Business\Webmotors.Business.csproj", "{DEE96ED0-7BFF-4CAF-AA9D-236E4667C86E}"
EndProject
Project("{9A19103F-16F7-4668-BE54-9A1E7A4F7556}") = "Webmotors.Business.Contracts", "Webmotors.Business.Contracts\Webmotors.Business.Contracts.csproj", "{E2629E3B-59E5-444A-B3A2-7C120F71D940}"
EndProject
Project("{2150E333-8FDC-42A3-9474-1A3956D46DE8}") = "4 Mediator", "4 Mediator", "{32C572F5-9D0A-4BBE-8F31-2A1C0B36C4C2}"
EndProject
Project("{9A19103F-16F7-4668-BE54-9A1E7A4F7556}") = "Webmotors.Mediator.Api.Models", "Webmotors.Mediator.Api.Models\Webmotors.Mediator.Api.Models.csproj", "{3F4D97A2-7E43-43B5-85EB-EF5E8EA35814}"
EndProject
Project("{9A19103F-16F7-4668-BE54-9A1E7A4F7556}") = "Webmotors.Mediator.Api.Client", "Webmotors.Mediator.Api.Client\Webmotors.Mediator.Api.Client.csproj", "{80FE2BF4-59F0-4D95-9E0C-A289B279DA8C}"
EndProject
Project("{9A19103F-16F7-4668-BE54-9A1E7A4F7556}") = "Webmotors.Mediator.Service", "Webmotors.Mediator.Service\Webmotors.Mediator.Service.csproj", "{72009AAF-65F3-4443-A0B1-0BA5C15D4E6E}"
EndProject
Project("{2150E333-8FDC-42A3-9474-1A3956D46DE8}") = "4.1 Infrastructure", "4.1 Infrastructure", "{D2E1BC67-37FB-4E68-8FDD-0114F1CACD07}"
EndProject
Project("{2150E333-8FDC-42A3-9474-1A3956D46DE8}") = "4.2 Business", "4.2 Business", "{D8B42E7C-DC27-45C9-BC1E-4636EF8174C4}"
EndProject
Project("{2150E333-8FDC-42A3-9474-1A3956D46DE8}") = "3.2 ViewModel", "3.2 ViewModel", "{9ABC748D-6FE8-4651-B867-F3AC0DA180F0}"
EndProject
Project("{9A19103F-16F7-4668-BE54-9A1E7A4F7556}") = "Webmotors.ViewModel", "Webmotors.ViewModel\Webmotors.ViewModel.csproj", "{A8EC7E53-C751-4608-836B-EFD5C55D0A28}"
EndProject
Project("{2150E333-8FDC-42A3-9474-1A3956D46DE8}") = "5 Mapper", "5 Mapper", "{61371696-1029-43B2-AB36-4F2EA6E4F3A0}"
EndProject
Project("{9A19103F-16F7-4668-BE54-9A1E7A4F7556}") = "Webmotors.Mapper", "Webmotors.Mapper\Webmotors.Mapper.csproj", "{6AAF5E62-26CE-4607-A4CC-AB284F22A227}"
EndProject
Project("{FAE04EC0-301F-11D3-BF4B-00C04F79EFBC}") = "Webmotors.Mediator.Service.Contracts", "Webmotors.Mediator.Service.Contracts\Webmotors.Mediator.Service.Contracts.csproj", "{9E9D1100-B214-4718-AA8B-848B9E65A3F9}"
EndProject
Global
	GlobalSection(SolutionConfigurationPlatforms) = preSolution
		Debug|Any CPU = Debug|Any CPU
		Release|Any CPU = Release|Any CPU
	EndGlobalSection
	GlobalSection(ProjectConfigurationPlatforms) = postSolution
		{62EE457A-7ACD-493B-B427-93C03E464FB1}.Debug|Any CPU.ActiveCfg = Debug|Any CPU
		{62EE457A-7ACD-493B-B427-93C03E464FB1}.Debug|Any CPU.Build.0 = Debug|Any CPU
		{62EE457A-7ACD-493B-B427-93C03E464FB1}.Release|Any CPU.ActiveCfg = Release|Any CPU
		{62EE457A-7ACD-493B-B427-93C03E464FB1}.Release|Any CPU.Build.0 = Release|Any CPU
		{ED5BB52C-505F-48BA-8D32-F6E92E6754D2}.Debug|Any CPU.ActiveCfg = Debug|Any CPU
		{ED5BB52C-505F-48BA-8D32-F6E92E6754D2}.Debug|Any CPU.Build.0 = Debug|Any CPU
		{ED5BB52C-505F-48BA-8D32-F6E92E6754D2}.Release|Any CPU.ActiveCfg = Release|Any CPU
		{ED5BB52C-505F-48BA-8D32-F6E92E6754D2}.Release|Any CPU.Build.0 = Release|Any CPU
		{6D3913DE-165B-471E-9CA7-F78EEB23E950}.Debug|Any CPU.ActiveCfg = Debug|Any CPU
		{6D3913DE-165B-471E-9CA7-F78EEB23E950}.Debug|Any CPU.Build.0 = Debug|Any CPU
		{6D3913DE-165B-471E-9CA7-F78EEB23E950}.Release|Any CPU.ActiveCfg = Release|Any CPU
		{6D3913DE-165B-471E-9CA7-F78EEB23E950}.Release|Any CPU.Build.0 = Release|Any CPU
		{4D985E08-A428-44F3-85D7-5C1B5584E97F}.Debug|Any CPU.ActiveCfg = Debug|Any CPU
		{4D985E08-A428-44F3-85D7-5C1B5584E97F}.Debug|Any CPU.Build.0 = Debug|Any CPU
		{4D985E08-A428-44F3-85D7-5C1B5584E97F}.Release|Any CPU.ActiveCfg = Release|Any CPU
		{4D985E08-A428-44F3-85D7-5C1B5584E97F}.Release|Any CPU.Build.0 = Release|Any CPU
		{F465C905-7FFB-4E88-A0BE-DA049BFDE131}.Debug|Any CPU.ActiveCfg = Debug|Any CPU
		{F465C905-7FFB-4E88-A0BE-DA049BFDE131}.Debug|Any CPU.Build.0 = Debug|Any CPU
		{F465C905-7FFB-4E88-A0BE-DA049BFDE131}.Release|Any CPU.ActiveCfg = Release|Any CPU
		{F465C905-7FFB-4E88-A0BE-DA049BFDE131}.Release|Any CPU.Build.0 = Release|Any CPU
		{DEE96ED0-7BFF-4CAF-AA9D-236E4667C86E}.Debug|Any CPU.ActiveCfg = Debug|Any CPU
		{DEE96ED0-7BFF-4CAF-AA9D-236E4667C86E}.Debug|Any CPU.Build.0 = Debug|Any CPU
		{DEE96ED0-7BFF-4CAF-AA9D-236E4667C86E}.Release|Any CPU.ActiveCfg = Release|Any CPU
		{DEE96ED0-7BFF-4CAF-AA9D-236E4667C86E}.Release|Any CPU.Build.0 = Release|Any CPU
		{E2629E3B-59E5-444A-B3A2-7C120F71D940}.Debug|Any CPU.ActiveCfg = Debug|Any CPU
		{E2629E3B-59E5-444A-B3A2-7C120F71D940}.Debug|Any CPU.Build.0 = Debug|Any CPU
		{E2629E3B-59E5-444A-B3A2-7C120F71D940}.Release|Any CPU.ActiveCfg = Release|Any CPU
		{E2629E3B-59E5-444A-B3A2-7C120F71D940}.Release|Any CPU.Build.0 = Release|Any CPU
		{3F4D97A2-7E43-43B5-85EB-EF5E8EA35814}.Debug|Any CPU.ActiveCfg = Debug|Any CPU
		{3F4D97A2-7E43-43B5-85EB-EF5E8EA35814}.Debug|Any CPU.Build.0 = Debug|Any CPU
		{3F4D97A2-7E43-43B5-85EB-EF5E8EA35814}.Release|Any CPU.ActiveCfg = Release|Any CPU
		{3F4D97A2-7E43-43B5-85EB-EF5E8EA35814}.Release|Any CPU.Build.0 = Release|Any CPU
		{80FE2BF4-59F0-4D95-9E0C-A289B279DA8C}.Debug|Any CPU.ActiveCfg = Debug|Any CPU
		{80FE2BF4-59F0-4D95-9E0C-A289B279DA8C}.Debug|Any CPU.Build.0 = Debug|Any CPU
		{80FE2BF4-59F0-4D95-9E0C-A289B279DA8C}.Release|Any CPU.ActiveCfg = Release|Any CPU
		{80FE2BF4-59F0-4D95-9E0C-A289B279DA8C}.Release|Any CPU.Build.0 = Release|Any CPU
		{72009AAF-65F3-4443-A0B1-0BA5C15D4E6E}.Debug|Any CPU.ActiveCfg = Debug|Any CPU
		{72009AAF-65F3-4443-A0B1-0BA5C15D4E6E}.Debug|Any CPU.Build.0 = Debug|Any CPU
		{72009AAF-65F3-4443-A0B1-0BA5C15D4E6E}.Release|Any CPU.ActiveCfg = Release|Any CPU
		{72009AAF-65F3-4443-A0B1-0BA5C15D4E6E}.Release|Any CPU.Build.0 = Release|Any CPU
		{A8EC7E53-C751-4608-836B-EFD5C55D0A28}.Debug|Any CPU.ActiveCfg = Debug|Any CPU
		{A8EC7E53-C751-4608-836B-EFD5C55D0A28}.Debug|Any CPU.Build.0 = Debug|Any CPU
		{A8EC7E53-C751-4608-836B-EFD5C55D0A28}.Release|Any CPU.ActiveCfg = Release|Any CPU
		{A8EC7E53-C751-4608-836B-EFD5C55D0A28}.Release|Any CPU.Build.0 = Release|Any CPU
		{6AAF5E62-26CE-4607-A4CC-AB284F22A227}.Debug|Any CPU.ActiveCfg = Debug|Any CPU
		{6AAF5E62-26CE-4607-A4CC-AB284F22A227}.Debug|Any CPU.Build.0 = Debug|Any CPU
		{6AAF5E62-26CE-4607-A4CC-AB284F22A227}.Release|Any CPU.ActiveCfg = Release|Any CPU
		{6AAF5E62-26CE-4607-A4CC-AB284F22A227}.Release|Any CPU.Build.0 = Release|Any CPU
		{9E9D1100-B214-4718-AA8B-848B9E65A3F9}.Debug|Any CPU.ActiveCfg = Debug|Any CPU
		{9E9D1100-B214-4718-AA8B-848B9E65A3F9}.Debug|Any CPU.Build.0 = Debug|Any CPU
		{9E9D1100-B214-4718-AA8B-848B9E65A3F9}.Release|Any CPU.ActiveCfg = Release|Any CPU
		{9E9D1100-B214-4718-AA8B-848B9E65A3F9}.Release|Any CPU.Build.0 = Release|Any CPU
	EndGlobalSection
	GlobalSection(SolutionProperties) = preSolution
		HideSolutionNode = FALSE
	EndGlobalSection
	GlobalSection(NestedProjects) = preSolution
		{62EE457A-7ACD-493B-B427-93C03E464FB1} = {FC4D35FA-FF0E-461D-8406-9EF9B30BC8E5}
		{9D49F51B-8229-4135-A5BE-14535611E49B} = {3189EADB-1C41-4F0B-B4A3-D792D9AC9081}
		{8AF5329A-DBB8-47F2-B641-3A8220D66D03} = {9D49F51B-8229-4135-A5BE-14535611E49B}
		{ED5BB52C-505F-48BA-8D32-F6E92E6754D2} = {8AF5329A-DBB8-47F2-B641-3A8220D66D03}
		{D7B81B2D-2325-4AA9-93BB-6FAC4B8E9AE0} = {9D49F51B-8229-4135-A5BE-14535611E49B}
		{6D3913DE-165B-471E-9CA7-F78EEB23E950} = {D7B81B2D-2325-4AA9-93BB-6FAC4B8E9AE0}
		{4D985E08-A428-44F3-85D7-5C1B5584E97F} = {835718C2-90F5-4660-ACBD-76366186AEDA}
		{F465C905-7FFB-4E88-A0BE-DA049BFDE131} = {D7B81B2D-2325-4AA9-93BB-6FAC4B8E9AE0}
		{DEE96ED0-7BFF-4CAF-AA9D-236E4667C86E} = {15033592-65C7-4FFE-ABA4-E63D9ADEDFC7}
		{E2629E3B-59E5-444A-B3A2-7C120F71D940} = {15033592-65C7-4FFE-ABA4-E63D9ADEDFC7}
		{3F4D97A2-7E43-43B5-85EB-EF5E8EA35814} = {D2E1BC67-37FB-4E68-8FDD-0114F1CACD07}
		{80FE2BF4-59F0-4D95-9E0C-A289B279DA8C} = {D2E1BC67-37FB-4E68-8FDD-0114F1CACD07}
		{72009AAF-65F3-4443-A0B1-0BA5C15D4E6E} = {D8B42E7C-DC27-45C9-BC1E-4636EF8174C4}
		{D2E1BC67-37FB-4E68-8FDD-0114F1CACD07} = {32C572F5-9D0A-4BBE-8F31-2A1C0B36C4C2}
		{D8B42E7C-DC27-45C9-BC1E-4636EF8174C4} = {32C572F5-9D0A-4BBE-8F31-2A1C0B36C4C2}
		{9ABC748D-6FE8-4651-B867-F3AC0DA180F0} = {3189EADB-1C41-4F0B-B4A3-D792D9AC9081}
		{A8EC7E53-C751-4608-836B-EFD5C55D0A28} = {9ABC748D-6FE8-4651-B867-F3AC0DA180F0}
		{6AAF5E62-26CE-4607-A4CC-AB284F22A227} = {61371696-1029-43B2-AB36-4F2EA6E4F3A0}
		{9E9D1100-B214-4718-AA8B-848B9E65A3F9} = {D8B42E7C-DC27-45C9-BC1E-4636EF8174C4}
	EndGlobalSection
	GlobalSection(ExtensibilityGlobals) = postSolution
		SolutionGuid = {E32B5E0F-85D7-4203-AAD6-DBAEA4884149}
	EndGlobalSection
EndGlobal
